
Microsoft Visual Studio Solution File, Format Version 12.00
# Visual Studio 15
VisualStudioVersion = 15.0.28307.271
MinimumVisualStudioVersion = 10.0.40219.1
Project("{FAE04EC0-301F-11D3-BF4B-00C04F79EFBC}") = "ShoppingCart", "ShoppingCart\ShoppingCart.csproj", "{F907D451-4050-4350-9EDC-0DF6B8A4A49B}"
EndProject
Global
	GlobalSection(SolutionConfigurationPlatforms) = preSolution
		Debug|Any CPU = Debug|Any CPU
		Release|Any CPU = Release|Any CPU
	EndGlobalSection
	GlobalSection(ProjectConfigurationPlatforms) = postSolution
		{F907D451-4050-4350-9EDC-0DF6B8A4A49B}.Debug|Any CPU.ActiveCfg = Debug|Any CPU
		{F907D451-4050-4350-9EDC-0DF6B8A4A49B}.Debug|Any CPU.Build.0 = Debug|Any CPU
		{F907D451-4050-4350-9EDC-0DF6B8A4A49B}.Release|Any CPU.ActiveCfg = Release|Any CPU
		{F907D451-4050-4350-9EDC-0DF6B8A4A49B}.Release|Any CPU.Build.0 = Release|Any CPU
	EndGlobalSection
	GlobalSection(SolutionProperties) = preSolution
		HideSolutionNode = FALSE
	EndGlobalSection
	GlobalSection(ExtensibilityGlobals) = postSolution
		SolutionGuid = {0B46A3A4-F0BD-46CC-B66A-921F9F943268}
	EndGlobalSection
EndGlobal
